// !$*UTF8*$!
{
	archiveVersion = 1;
	classes = {
	};
	objectVersion = 46;
	objects = {

/* Begin PBXBuildFile section */
		03C96F631B87213400E55897 /* main.m in Sources */ = {isa = PBXBuildFile; fileRef = 03C96F621B87213400E55897 /* main.m */; };
		03C96F661B87213400E55897 /* AppDelegate.m in Sources */ = {isa = PBXBuildFile; fileRef = 03C96F651B87213400E55897 /* AppDelegate.m */; };
		03C96F691B87213400E55897 /* YuCloud.xcdatamodeld in Sources */ = {isa = PBXBuildFile; fileRef = 03C96F671B87213400E55897 /* YuCloud.xcdatamodeld */; };
		03C96F6C1B87213400E55897 /* MainViewController.m in Sources */ = {isa = PBXBuildFile; fileRef = 03C96F6B1B87213400E55897 /* MainViewController.m */; };
		03C96F711B87213400E55897 /* Images.xcassets in Resources */ = {isa = PBXBuildFile; fileRef = 03C96F701B87213400E55897 /* Images.xcassets */; };
		03C96F741B87213400E55897 /* LaunchScreen.xib in Resources */ = {isa = PBXBuildFile; fileRef = 03C96F721B87213400E55897 /* LaunchScreen.xib */; };
		03C96F801B87213400E55897 /* YuCloudTests.m in Sources */ = {isa = PBXBuildFile; fileRef = 03C96F7F1B87213400E55897 /* YuCloudTests.m */; };
/* End PBXBuildFile section */

/* Begin PBXContainerItemProxy section */
		03C96F7A1B87213400E55897 /* PBXContainerItemProxy */ = {
			isa = PBXContainerItemProxy;
			containerPortal = 03C96F551B87213400E55897 /* Project object */;
			proxyType = 1;
			remoteGlobalIDString = 03C96F5C1B87213400E55897;
			remoteInfo = YuCloud;
		};
/* End PBXContainerItemProxy section */

/* Begin PBXFileReference section */
		03C96F5D1B87213400E55897 /* YuCloud.app */ = {isa = PBXFileReference; explicitFileType = wrapper.application; includeInIndex = 0; path = YuCloud.app; sourceTree = BUILT_PRODUCTS_DIR; };
		03C96F611B87213400E55897 /* Info.plist */ = {isa = PBXFileReference; lastKnownFileType = text.plist.xml; path = Info.plist; sourceTree = "<group>"; };
		03C96F621B87213400E55897 /* main.m */ = {isa = PBXFileReference; lastKnownFileType = sourcecode.c.objc; path = main.m; sourceTree = "<group>"; };
		03C96F641B87213400E55897 /* AppDelegate.h */ = {isa = PBXFileReference; lastKnownFileType = sourcecode.c.h; path = AppDelegate.h; sourceTree = "<group>"; };
		03C96F651B87213400E55897 /* AppDelegate.m */ = {isa = PBXFileReference; lastKnownFileType = sourcecode.c.objc; path = AppDelegate.m; sourceTree = "<group>"; };
		03C96F681B87213400E55897 /* YuCloud.xcdatamodel */ = {isa = PBXFileReference; lastKnownFileType = wrapper.xcdatamodel; path = YuCloud.xcdatamodel; sourceTree = "<group>"; };
		03C96F6A1B87213400E55897 /* MainViewController.h */ = {isa = PBXFileReference; lastKnownFileType = sourcecode.c.h; path = MainViewController.h; sourceTree = "<group>"; };
		03C96F6B1B87213400E55897 /* MainViewController.m */ = {isa = PBXFileReference; lastKnownFileType = sourcecode.c.objc; path = MainViewController.m; sourceTree = "<group>"; };
		03C96F701B87213400E55897 /* Images.xcassets */ = {isa = PBXFileReference; lastKnownFileType = folder.assetcatalog; path = Images.xcassets; sourceTree = "<group>"; };
		03C96F731B87213400E55897 /* Base */ = {isa = PBXFileReference; lastKnownFileType = file.xib; name = Base; path = Base.lproj/LaunchScreen.xib; sourceTree = "<group>"; };
		03C96F791B87213400E55897 /* YuCloudTests.xctest */ = {isa = PBXFileReference; explicitFileType = wrapper.cfbundle; includeInIndex = 0; path = YuCloudTests.xctest; sourceTree = BUILT_PRODUCTS_DIR; };
		03C96F7E1B87213400E55897 /* Info.plist */ = {isa = PBXFileReference; lastKnownFileType = text.plist.xml; path = Info.plist; sourceTree = "<group>"; };
		03C96F7F1B87213400E55897 /* YuCloudTests.m */ = {isa = PBXFileReference; lastKnownFileType = sourcecode.c.objc; path = YuCloudTests.m; sourceTree = "<group>"; };
/* End PBXFileReference section */

/* Begin PBXFrameworksBuildPhase section */
		03C96F5A1B87213400E55897 /* Frameworks */ = {
			isa = PBXFrameworksBuildPhase;
			buildActionMask = 2147483647;
			files = (
			);
			runOnlyForDeploymentPostprocessing = 0;
		};
		03C96F761B87213400E55897 /* Frameworks */ = {
			isa = PBXFrameworksBuildPhase;
			buildActionMask = 2147483647;
			files = (
			);
			runOnlyForDeploymentPostprocessing = 0;
		};
/* End PBXFrameworksBuildPhase section */

/* Begin PBXGroup section */
		03A08A7D1B87269E00C0D6AD /* SlideView */ = {
			isa = PBXGroup;
			children = (
			);
			name = SlideView;
			sourceTree = "<group>";
		};
		03A08A7E1B8726AB00C0D6AD /* Location */ = {
			isa = PBXGroup;
			children = (
			);
			name = Location;
			sourceTree = "<group>";
		};
		03A08A7F1B8726B300C0D6AD /* AMap */ = {
			isa = PBXGroup;
			children = (
			);
			name = AMap;
			sourceTree = "<group>";
		};
		03C96F541B87213400E55897 = {
			isa = PBXGroup;
			children = (
				03A08A7F1B8726B300C0D6AD /* AMap */,
				03A08A7E1B8726AB00C0D6AD /* Location */,
				03A08A7D1B87269E00C0D6AD /* SlideView */,
				03C96F5F1B87213400E55897 /* YuCloud */,
				03C96F7C1B87213400E55897 /* YuCloudTests */,
				03C96F5E1B87213400E55897 /* Products */,
			);
			sourceTree = "<group>";
		};
		03C96F5E1B87213400E55897 /* Products */ = {
			isa = PBXGroup;
			children = (
				03C96F5D1B87213400E55897 /* YuCloud.app */,
				03C96F791B87213400E55897 /* YuCloudTests.xctest */,
			);
			name = Products;
			sourceTree = "<group>";
		};
		03C96F5F1B87213400E55897 /* YuCloud */ = {
			isa = PBXGroup;
			children = (
				03C96F641B87213400E55897 /* AppDelegate.h */,
				03C96F651B87213400E55897 /* AppDelegate.m */,
				03C96F6A1B87213400E55897 /* MainViewController.h */,
				03C96F6B1B87213400E55897 /* MainViewController.m */,
				03C96F701B87213400E55897 /* Images.xcassets */,
				03C96F721B87213400E55897 /* LaunchScreen.xib */,
				03C96F671B87213400E55897 /* YuCloud.xcdatamodeld */,
				03C96F601B87213400E55897 /* Supporting Files */,
			);
			path = YuCloud;
			sourceTree = "<group>";
		};
		03C96F601B87213400E55897 /* Supporting Files */ = {
			isa = PBXGroup;
			children = (
				03C96F611B87213400E55897 /* Info.plist */,
				03C96F621B87213400E55897 /* main.m */,
			);
			name = "Supporting Files";
			sourceTree = "<group>";
		};
		03C96F7C1B87213400E55897 /* YuCloudTests */ = {
			isa = PBXGroup;
			children = (
				03C96F7F1B87213400E55897 /* YuCloudTests.m */,
				03C96F7D1B87213400E55897 /* Supporting Files */,
			);
			path = YuCloudTests;
			sourceTree = "<group>";
		};
		03C96F7D1B87213400E55897 /* Supporting Files */ = {
			isa = PBXGroup;
			children = (
				03C96F7E1B87213400E55897 /* Info.plist */,
			);
			name = "Supporting Files";
			sourceTree = "<group>";
		};
/* End PBXGroup section */

/* Begin PBXNativeTarget section */
		03C96F5C1B87213400E55897 /* YuCloud */ = {
			isa = PBXNativeTarget;
			buildConfigurationList = 03C96F831B87213400E55897 /* Build configuration list for PBXNativeTarget "YuCloud" */;
			buildPhases = (
				03C96F591B87213400E55897 /* Sources */,
				03C96F5A1B87213400E55897 /* Frameworks */,
				03C96F5B1B87213400E55897 /* Resources */,
			);
			buildRules = (
			);
			dependencies = (
			);
			name = YuCloud;
			productName = YuCloud;
			productReference = 03C96F5D1B87213400E55897 /* YuCloud.app */;
			productType = "com.apple.product-type.application";
		};
		03C96F781B87213400E55897 /* YuCloudTests */ = {
			isa = PBXNativeTarget;
			buildConfigurationList = 03C96F861B87213400E55897 /* Build configuration list for PBXNativeTarget "YuCloudTests" */;
			buildPhases = (
				03C96F751B87213400E55897 /* Sources */,
				03C96F761B87213400E55897 /* Frameworks */,
				03C96F771B87213400E55897 /* Resources */,
			);
			buildRules = (
			);
			dependencies = (
				03C96F7B1B87213400E55897 /* PBXTargetDependency */,
			);
			name = YuCloudTests;
			productName = YuCloudTests;
			productReference = 03C96F791B87213400E55897 /* YuCloudTests.xctest */;
			productType = "com.apple.product-type.bundle.unit-test";
		};
/* End PBXNativeTarget section */

/* Begin PBXProject section */
		03C96F551B87213400E55897 /* Project object */ = {
			isa = PBXProject;
			attributes = {
				LastUpgradeCheck = 0640;
				ORGANIZATIONNAME = "VIROYAL-ELEC";
				TargetAttributes = {
					03C96F5C1B87213400E55897 = {
						CreatedOnToolsVersion = 6.4;
					};
					03C96F781B87213400E55897 = {
						CreatedOnToolsVersion = 6.4;
						TestTargetID = 03C96F5C1B87213400E55897;
					};
				};
			};
			buildConfigurationList = 03C96F581B87213400E55897 /* Build configuration list for PBXProject "YuCloud" */;
			compatibilityVersion = "Xcode 3.2";
			developmentRegion = English;
			hasScannedForEncodings = 0;
			knownRegions = (
				en,
				Base,
			);
			mainGroup = 03C96F541B87213400E55897;
			productRefGroup = 03C96F5E1B87213400E55897 /* Products */;
			projectDirPath = "";
			projectRoot = "";
			targets = (
				03C96F5C1B87213400E55897 /* YuCloud */,
				03C96F781B87213400E55897 /* YuCloudTests */,
			);
		};
/* End PBXProject section */

/* Begin PBXResourcesBuildPhase section */
		03C96F5B1B87213400E55897 /* Resources */ = {
			isa = PBXResourcesBuildPhase;
			buildActionMask = 2147483647;
			files = (
				03C96F741B87213400E55897 /* LaunchScreen.xib in Resources */,
				03C96F711B87213400E55897 /* Images.xcassets in Resources */,
			);
			runOnlyForDeploymentPostprocessing = 0;
		};
		03C96F771B87213400E55897 /* Resources */ = {
			isa = PBXResourcesBuildPhase;
			buildActionMask = 2147483647;
			files = (
			);
			runOnlyForDeploymentPostprocessing = 0;
		};
/* End PBXResourcesBuildPhase section */

/* Begin PBXSourcesBuildPhase section */
		03C96F591B87213400E55897 /* Sources */ = {
			isa = PBXSourcesBuildPhase;
			buildActionMask = 2147483647;
			files = (
				03C96F661B87213400E55897 /* AppDelegate.m in Sources */,
				03C96F691B87213400E55897 /* YuCloud.xcdatamodeld in Sources */,
				03C96F6C1B87213400E55897 /* MainViewController.m in Sources */,
				03C96F631B87213400E55897 /* main.m in Sources */,
			);
			runOnlyForDeploymentPostprocessing = 0;
		};
		03C96F751B87213400E55897 /* Sources */ = {
			isa = PBXSourcesBuildPhase;
			buildActionMask = 2147483647;
			files = (
				03C96F801B87213400E55897 /* YuCloudTests.m in Sources */,
			);
			runOnlyForDeploymentPostprocessing = 0;
		};
/* End PBXSourcesBuildPhase section */

/* Begin PBXTargetDependency section */
		03C96F7B1B87213400E55897 /* PBXTargetDependency */ = {
			isa = PBXTargetDependency;
			target = 03C96F5C1B87213400E55897 /* YuCloud */;
			targetProxy = 03C96F7A1B87213400E55897 /* PBXContainerItemProxy */;
		};
/* End PBXTargetDependency section */

/* Begin PBXVariantGroup section */
		03C96F721B87213400E55897 /* LaunchScreen.xib */ = {
			isa = PBXVariantGroup;
			children = (
				03C96F731B87213400E55897 /* Base */,
			);
			name = LaunchScreen.xib;
			sourceTree = "<group>";
		};
/* End PBXVariantGroup section */

/* Begin XCBuildConfiguration section */
		03C96F811B87213400E55897 /* Debug */ = {
			isa = XCBuildConfiguration;
			buildSettings = {
				ALWAYS_SEARCH_USER_PATHS = NO;
				CLANG_CXX_LANGUAGE_STANDARD = "gnu++0x";
				CLANG_CXX_LIBRARY = "libc++";
				CLANG_ENABLE_MODULES = YES;
				CLANG_ENABLE_OBJC_ARC = YES;
				CLANG_WARN_BOOL_CONVERSION = YES;
				CLANG_WARN_CONSTANT_CONVERSION = YES;
				CLANG_WARN_DIRECT_OBJC_ISA_USAGE = YES_ERROR;
				CLANG_WARN_EMPTY_BODY = YES;
				CLANG_WARN_ENUM_CONVERSION = YES;
				CLANG_WARN_INT_CONVERSION = YES;
				CLANG_WARN_OBJC_ROOT_CLASS = YES_ERROR;
				CLANG_WARN_UNREACHABLE_CODE = YES;
				CLANG_WARN__DUPLICATE_METHOD_MATCH = YES;
				"CODE_SIGN_IDENTITY[sdk=iphoneos*]" = "iPhone Developer";
				COPY_PHASE_STRIP = NO;
				DEBUG_INFORMATION_FORMAT = "dwarf-with-dsym";
				ENABLE_STRICT_OBJC_MSGSEND = YES;
				GCC_C_LANGUAGE_STANDARD = gnu99;
				GCC_DYNAMIC_NO_PIC = NO;
				GCC_NO_COMMON_BLOCKS = YES;
				GCC_OPTIMIZATION_LEVEL = 0;
				GCC_PREPROCESSOR_DEFINITIONS = (
					"DEBUG=1",
					"$(inherited)",
				);
				GCC_SYMBOLS_PRIVATE_EXTERN = NO;
				GCC_WARN_64_TO_32_BIT_CONVERSION = YES;
				GCC_WARN_ABOUT_RETURN_TYPE = YES_ERROR;
				GCC_WARN_UNDECLARED_SELECTOR = YES;
				GCC_WARN_UNINITIALIZED_AUTOS = YES_AGGRESSIVE;
				GCC_WARN_UNUSED_FUNCTION = YES;
				GCC_WARN_UNUSED_VARIABLE = YES;
				IPHONEOS_DEPLOYMENT_TARGET = 8.4;
				MTL_ENABLE_DEBUG_INFO = YES;
				ONLY_ACTIVE_ARCH = YES;
				SDKROOT = iphoneos;
				TARGETED_DEVICE_FAMILY = "1,2";
			};
			name = Debug;
		};
		03C96F821B87213400E55897 /* Release */ = {
			isa = XCBuildConfiguration;
			buildSettings = {
				ALWAYS_SEARCH_USER_PATHS = NO;
				CLANG_CXX_LANGUAGE_STANDARD = "gnu++0x";
				CLANG_CXX_LIBRARY = "libc++";
				CLANG_ENABLE_MODULES = YES;
				CLANG_ENABLE_OBJC_ARC = YES;
				CLANG_WARN_BOOL_CONVERSION = YES;
				CLANG_WARN_CONSTANT_CONVERSION = YES;
				CLANG_WARN_DIRECT_OBJC_ISA_USAGE = YES_ERROR;
				CLANG_WARN_EMPTY_BODY = YES;
				CLANG_WARN_ENUM_CONVERSION = YES;
				CLANG_WARN_INT_CONVERSION = YES;
				CLANG_WARN_OBJC_ROOT_CLASS = YES_ERROR;
				CLANG_WARN_UNREACHABLE_CODE = YES;
				CLANG_WARN__DUPLICATE_METHOD_MATCH = YES;
				"CODE_SIGN_IDENTITY[sdk=iphoneos*]" = "iPhone Developer";
				COPY_PHASE_STRIP = NO;
				DEBUG_INFORMATION_FORMAT = "dwarf-with-dsym";
				ENABLE_NS_ASSERTIONS = NO;
				ENABLE_STRICT_OBJC_MSGSEND = YES;
				GCC_C_LANGUAGE_STANDARD = gnu99;
				GCC_NO_COMMON_BLOCKS = YES;
				GCC_WARN_64_TO_32_BIT_CONVERSION = YES;
				GCC_WARN_ABOUT_RETURN_TYPE = YES_ERROR;
				GCC_WARN_UNDECLARED_SELECTOR = YES;
				GCC_WARN_UNINITIALIZED_AUTOS = YES_AGGRESSIVE;
				GCC_WARN_UNUSED_FUNCTION = YES;
				GCC_WARN_UNUSED_VARIABLE = YES;
				IPHONEOS_DEPLOYMENT_TARGET = 8.4;
				MTL_ENABLE_DEBUG_INFO = NO;
				SDKROOT = iphoneos;
				TARGETED_DEVICE_FAMILY = "1,2";
				VALIDATE_PRODUCT = YES;
			};
			name = Release;
		};
		03C96F841B87213400E55897 /* Debug */ = {
			isa = XCBuildConfiguration;
			buildSettings = {
				ASSETCATALOG_COMPILER_APPICON_NAME = AppIcon;
				INFOPLIST_FILE = YuCloud/Info.plist;
				LD_RUNPATH_SEARCH_PATHS = "$(inherited) @executable_path/Frameworks";
				PRODUCT_NAME = "$(TARGET_NAME)";
			};
			name = Debug;
		};
		03C96F851B87213400E55897 /* Release */ = {
			isa = XCBuildConfiguration;
			buildSettings = {
				ASSETCATALOG_COMPILER_APPICON_NAME = AppIcon;
				INFOPLIST_FILE = YuCloud/Info.plist;
				LD_RUNPATH_SEARCH_PATHS = "$(inherited) @executable_path/Frameworks";
				PRODUCT_NAME = "$(TARGET_NAME)";
			};
			name = Release;
		};
		03C96F871B87213400E55897 /* Debug */ = {
			isa = XCBuildConfiguration;
			buildSettings = {
				BUNDLE_LOADER = "$(TEST_HOST)";
				FRAMEWORK_SEARCH_PATHS = (
					"$(SDKROOT)/Developer/Library/Frameworks",
					"$(inherited)",
				);
				GCC_PREPROCESSOR_DEFINITIONS = (
					"DEBUG=1",
					"$(inherited)",
				);
				INFOPLIST_FILE = YuCloudTests/Info.plist;
				LD_RUNPATH_SEARCH_PATHS = "$(inherited) @executable_path/Frameworks @loader_path/Frameworks";
				PRODUCT_NAME = "$(TARGET_NAME)";
				TEST_HOST = "$(BUILT_PRODUCTS_DIR)/YuCloud.app/YuCloud";
			};
			name = Debug;
		};
		03C96F881B87213400E55897 /* Release */ = {
			isa = XCBuildConfiguration;
			buildSettings = {
				BUNDLE_LOADER = "$(TEST_HOST)";
				FRAMEWORK_SEARCH_PATHS = (
					"$(SDKROOT)/Developer/Library/Frameworks",
					"$(inherited)",
				);
				INFOPLIST_FILE = YuCloudTests/Info.plist;
				LD_RUNPATH_SEARCH_PATHS = "$(inherited) @executable_path/Frameworks @loader_path/Frameworks";
				PRODUCT_NAME = "$(TARGET_NAME)";
				TEST_HOST = "$(BUILT_PRODUCTS_DIR)/YuCloud.app/YuCloud";
			};
			name = Release;
		};
/* End XCBuildConfiguration section */

/* Begin XCConfigurationList section */
		03C96F581B87213400E55897 /* Build configuration list for PBXProject "YuCloud" */ = {
			isa = XCConfigurationList;
			buildConfigurations = (
				03C96F811B87213400E55897 /* Debug */,
				03C96F821B87213400E55897 /* Release */,
			);
			defaultConfigurationIsVisible = 0;
			defaultConfigurationName = Release;
		};
		03C96F831B87213400E55897 /* Build configuration list for PBXNativeTarget "YuCloud" */ = {
			isa = XCConfigurationList;
			buildConfigurations = (
				03C96F841B87213400E55897 /* Debug */,
				03C96F851B87213400E55897 /* Release */,
			);
			defaultConfigurationIsVisible = 0;
			defaultConfigurationName = Release;
		};
		03C96F861B87213400E55897 /* Build configuration list for PBXNativeTarget "YuCloudTests" */ = {
			isa = XCConfigurationList;
			buildConfigurations = (
				03C96F871B87213400E55897 /* Debug */,
				03C96F881B87213400E55897 /* Release */,
			);
			defaultConfigurationIsVisible = 0;
			defaultConfigurationName = Release;
		};
/* End XCConfigurationList section */

/* Begin XCVersionGroup section */
		03C96F671B87213400E55897 /* YuCloud.xcdatamodeld */ = {
			isa = XCVersionGroup;
			children = (
				03C96F681B87213400E55897 /* YuCloud.xcdatamodel */,
			);
			currentVersion = 03C96F681B87213400E55897 /* YuCloud.xcdatamodel */;
			path = YuCloud.xcdatamodeld;
			sourceTree = "<group>";
			versionGroupType = wrapper.xcdatamodel;
		};
/* End XCVersionGroup section */
	};
	rootObject = 03C96F551B87213400E55897 /* Project object */;
}
